
Microsoft Visual Studio Solution File, Format Version 12.00
# Visual Studio 2013
VisualStudioVersion = 12.0.21005.1
MinimumVisualStudioVersion = 10.0.40219.1
Project("{FAE04EC0-301F-11D3-BF4B-00C04F79EFBC}") = "Inspired.Web.Test", "Inspired.Web.Test\Inspired.Web.Test.csproj", "{492F6288-25FC-4F0B-8274-C2B25C394C3A}"
EndProject
Project("{2150E333-8FDC-42A3-9474-1A3956D46DE8}") = "Web", "Web", "{49F85405-2C90-4318-BC3F-352AED7B0918}"
EndProject
Project("{2150E333-8FDC-42A3-9474-1A3956D46DE8}") = "Test", "Test", "{5F721F39-D022-4E72-9F91-C35AA09E0665}"
EndProject
Project("{2150E333-8FDC-42A3-9474-1A3956D46DE8}") = "Web.UI.Test", "Web.UI.Test", "{9863F90B-8041-4BDC-B716-E6D96297619E}"
EndProject
Project("{2150E333-8FDC-42A3-9474-1A3956D46DE8}") = "Business", "Business", "{54A9B676-3CA9-47C6-993D-A540084C5A7A}"
EndProject
Project("{2150E333-8FDC-42A3-9474-1A3956D46DE8}") = "Service", "Service", "{90518CC5-095B-4C76-97A7-3E339766B792}"
EndProject
Project("{2150E333-8FDC-42A3-9474-1A3956D46DE8}") = "Core", "Core", "{37FEAD54-0164-4CE7-B4AC-41016BEA16A4}"
EndProject
Project("{2150E333-8FDC-42A3-9474-1A3956D46DE8}") = "Data", "Data", "{9700F4F8-0A73-49A9-8307-86D94B675DC0}"
EndProject
Project("{FAE04EC0-301F-11D3-BF4B-00C04F79EFBC}") = "Inspired.Web.UI.Test", "Inspired.Web.UI.Test\Inspired.Web.UI.Test.csproj", "{326460FB-6169-432F-9650-3E658D530B94}"
EndProject
Project("{FAE04EC0-301F-11D3-BF4B-00C04F79EFBC}") = "Inspired.Web", "Inspired.Web\Inspired.Web.csproj", "{D0DA3D7F-850F-42AA-9476-3F2EBCE38692}"
EndProject
Project("{FAE04EC0-301F-11D3-BF4B-00C04F79EFBC}") = "Inspired.Data", "Inspired.Data\Inspired.Data.csproj", "{867232A7-C328-4061-BF48-BBD5ADF3F146}"
EndProject
Project("{FAE04EC0-301F-11D3-BF4B-00C04F79EFBC}") = "Inspired.Repository", "Inspired.Repository\Inspired.Repository.csproj", "{E57509B7-0CC0-44CB-BD7C-60BCAF743DD8}"
EndProject
Project("{FAE04EC0-301F-11D3-BF4B-00C04F79EFBC}") = "Utilities", "Utilities\Utilities.csproj", "{0CE27AB8-F417-4AB4-BD18-3100D460FF08}"
EndProject
Global
	GlobalSection(SolutionConfigurationPlatforms) = preSolution
		Debug|Any CPU = Debug|Any CPU
		Release|Any CPU = Release|Any CPU
	EndGlobalSection
	GlobalSection(ProjectConfigurationPlatforms) = postSolution
		{492F6288-25FC-4F0B-8274-C2B25C394C3A}.Debug|Any CPU.ActiveCfg = Debug|Any CPU
		{492F6288-25FC-4F0B-8274-C2B25C394C3A}.Debug|Any CPU.Build.0 = Debug|Any CPU
		{492F6288-25FC-4F0B-8274-C2B25C394C3A}.Release|Any CPU.ActiveCfg = Release|Any CPU
		{492F6288-25FC-4F0B-8274-C2B25C394C3A}.Release|Any CPU.Build.0 = Release|Any CPU
		{326460FB-6169-432F-9650-3E658D530B94}.Debug|Any CPU.ActiveCfg = Debug|Any CPU
		{326460FB-6169-432F-9650-3E658D530B94}.Debug|Any CPU.Build.0 = Debug|Any CPU
		{326460FB-6169-432F-9650-3E658D530B94}.Release|Any CPU.ActiveCfg = Release|Any CPU
		{326460FB-6169-432F-9650-3E658D530B94}.Release|Any CPU.Build.0 = Release|Any CPU
		{D0DA3D7F-850F-42AA-9476-3F2EBCE38692}.Debug|Any CPU.ActiveCfg = Debug|Any CPU
		{D0DA3D7F-850F-42AA-9476-3F2EBCE38692}.Debug|Any CPU.Build.0 = Debug|Any CPU
		{D0DA3D7F-850F-42AA-9476-3F2EBCE38692}.Release|Any CPU.ActiveCfg = Release|Any CPU
		{D0DA3D7F-850F-42AA-9476-3F2EBCE38692}.Release|Any CPU.Build.0 = Release|Any CPU
		{867232A7-C328-4061-BF48-BBD5ADF3F146}.Debug|Any CPU.ActiveCfg = Debug|Any CPU
		{867232A7-C328-4061-BF48-BBD5ADF3F146}.Debug|Any CPU.Build.0 = Debug|Any CPU
		{867232A7-C328-4061-BF48-BBD5ADF3F146}.Release|Any CPU.ActiveCfg = Release|Any CPU
		{867232A7-C328-4061-BF48-BBD5ADF3F146}.Release|Any CPU.Build.0 = Release|Any CPU
		{E57509B7-0CC0-44CB-BD7C-60BCAF743DD8}.Debug|Any CPU.ActiveCfg = Debug|Any CPU
		{E57509B7-0CC0-44CB-BD7C-60BCAF743DD8}.Debug|Any CPU.Build.0 = Debug|Any CPU
		{E57509B7-0CC0-44CB-BD7C-60BCAF743DD8}.Release|Any CPU.ActiveCfg = Release|Any CPU
		{E57509B7-0CC0-44CB-BD7C-60BCAF743DD8}.Release|Any CPU.Build.0 = Release|Any CPU
		{0CE27AB8-F417-4AB4-BD18-3100D460FF08}.Debug|Any CPU.ActiveCfg = Debug|Any CPU
		{0CE27AB8-F417-4AB4-BD18-3100D460FF08}.Debug|Any CPU.Build.0 = Debug|Any CPU
		{0CE27AB8-F417-4AB4-BD18-3100D460FF08}.Release|Any CPU.ActiveCfg = Release|Any CPU
		{0CE27AB8-F417-4AB4-BD18-3100D460FF08}.Release|Any CPU.Build.0 = Release|Any CPU
	EndGlobalSection
	GlobalSection(SolutionProperties) = preSolution
		HideSolutionNode = FALSE
	EndGlobalSection
	GlobalSection(NestedProjects) = preSolution
		{492F6288-25FC-4F0B-8274-C2B25C394C3A} = {5F721F39-D022-4E72-9F91-C35AA09E0665}
		{D0DA3D7F-850F-42AA-9476-3F2EBCE38692} = {49F85405-2C90-4318-BC3F-352AED7B0918}
		{326460FB-6169-432F-9650-3E658D530B94} = {9863F90B-8041-4BDC-B716-E6D96297619E}
		{0CE27AB8-F417-4AB4-BD18-3100D460FF08} = {37FEAD54-0164-4CE7-B4AC-41016BEA16A4}
		{867232A7-C328-4061-BF48-BBD5ADF3F146} = {9700F4F8-0A73-49A9-8307-86D94B675DC0}
		{E57509B7-0CC0-44CB-BD7C-60BCAF743DD8} = {9700F4F8-0A73-49A9-8307-86D94B675DC0}
	EndGlobalSection
EndGlobal
